
Microsoft Visual Studio Solution File, Format Version 12.00
# Visual Studio Version 16
VisualStudioVersion = 16.0.32602.291
MinimumVisualStudioVersion = 10.0.40219.1
Project("{FAE04EC0-301F-11D3-BF4B-00C04F79EFBC}") = "BDD_debut-3", "BDD_debut-3\BDD_debut-3.csproj", "{3E4CD793-6EA0-453E-98F2-F863E7BB33A2}"
EndProject
Global
	GlobalSection(SolutionConfigurationPlatforms) = preSolution
		Debug|Any CPU = Debug|Any CPU
		Release|Any CPU = Release|Any CPU
	EndGlobalSection
	GlobalSection(ProjectConfigurationPlatforms) = postSolution
		{3E4CD793-6EA0-453E-98F2-F863E7BB33A2}.Debug|Any CPU.ActiveCfg = Debug|Any CPU
		{3E4CD793-6EA0-453E-98F2-F863E7BB33A2}.Debug|Any CPU.Build.0 = Debug|Any CPU
		{3E4CD793-6EA0-453E-98F2-F863E7BB33A2}.Release|Any CPU.ActiveCfg = Release|Any CPU
		{3E4CD793-6EA0-453E-98F2-F863E7BB33A2}.Release|Any CPU.Build.0 = Release|Any CPU
	EndGlobalSection
	GlobalSection(SolutionProperties) = preSolution
		HideSolutionNode = FALSE
	EndGlobalSection
	GlobalSection(ExtensibilityGlobals) = postSolution
		SolutionGuid = {2C54B8B9-0BE6-4911-9475-FF8EBF300B1F}
	EndGlobalSection
EndGlobal
